
Microsoft Visual Studio Solution File, Format Version 12.00
# Visual Studio Version 17
VisualStudioVersion = 17.0.31903.59
MinimumVisualStudioVersion = 10.0.40219.1
Project("{FAE04EC0-301F-11D3-BF4B-00C04F79EFBC}") = "API", "API\API.csproj", "{2FBE65F1-7BB7-4E97-A197-7F036C45863B}"
EndProject
Project("{2150E333-8FDC-42A3-9474-1A3956D46DE8}") = "Data", "Data", "{42552979-4F59-4895-9F9A-719F27FDA50D}"
EndProject
Project("{FAE04EC0-301F-11D3-BF4B-00C04F79EFBC}") = "Data", "Data\Data.csproj", "{5658CEF6-4735-488F-80AF-9AE34C4F294C}"
EndProject
Project("{FAE04EC0-301F-11D3-BF4B-00C04F79EFBC}") = "Common", "Common\Common.csproj", "{EF63583B-21A1-408C-A762-C450D60702CE}"
EndProject
Project("{FAE04EC0-301F-11D3-BF4B-00C04F79EFBC}") = "Models", "Models\Models.csproj", "{4BF3FD7E-A180-4FC6-AA78-0AB9C25A5D61}"
EndProject
Project("{FAE04EC0-301F-11D3-BF4B-00C04F79EFBC}") = "Infrastructure", "Infrastructure\Infrastructure.csproj", "{8CAED378-E7A7-4742-AADA-283E6024E581}"
EndProject
Project("{FAE04EC0-301F-11D3-BF4B-00C04F79EFBC}") = "Storage", "Storage\Storage.csproj", "{52156D24-89CA-4C5A-8D75-C8F01AD8F9A2}"
EndProject
Project("{FAE04EC0-301F-11D3-BF4B-00C04F79EFBC}") = "Repositories", "Repositories\Repositories.csproj", "{9529C16B-F19E-41EC-ADB6-B0AABB0A8369}"
EndProject
Project("{FAE04EC0-301F-11D3-BF4B-00C04F79EFBC}") = "DTO", "DTO\DTO.csproj", "{D078843D-8C7B-4D03-AABD-36F06BF89119}"
EndProject
Project("{FAE04EC0-301F-11D3-BF4B-00C04F79EFBC}") = "PreviewService", "PreviewService\PreviewService.csproj", "{D647AEEC-B17A-42B1-9B92-DA5123AA7F28}"
EndProject
Project("{2150E333-8FDC-42A3-9474-1A3956D46DE8}") = "Workers", "Workers", "{B52EDD61-CE5F-478F-82DF-D049222E7524}"
EndProject
Project("{FAE04EC0-301F-11D3-BF4B-00C04F79EFBC}") = "DocumentWorker.Service", "DocumentWorker.Service\DocumentWorker.Service.csproj", "{B32F321D-4E18-4CEB-AEF0-AE4FA6380675}"
EndProject
Global
	GlobalSection(SolutionConfigurationPlatforms) = preSolution
		Debug|Any CPU = Debug|Any CPU
		Release|Any CPU = Release|Any CPU
	EndGlobalSection
	GlobalSection(SolutionProperties) = preSolution
		HideSolutionNode = FALSE
	EndGlobalSection
	GlobalSection(ProjectConfigurationPlatforms) = postSolution
		{2FBE65F1-7BB7-4E97-A197-7F036C45863B}.Debug|Any CPU.ActiveCfg = Debug|Any CPU
		{2FBE65F1-7BB7-4E97-A197-7F036C45863B}.Debug|Any CPU.Build.0 = Debug|Any CPU
		{2FBE65F1-7BB7-4E97-A197-7F036C45863B}.Release|Any CPU.ActiveCfg = Release|Any CPU
		{2FBE65F1-7BB7-4E97-A197-7F036C45863B}.Release|Any CPU.Build.0 = Release|Any CPU
		{5658CEF6-4735-488F-80AF-9AE34C4F294C}.Debug|Any CPU.ActiveCfg = Debug|Any CPU
		{5658CEF6-4735-488F-80AF-9AE34C4F294C}.Debug|Any CPU.Build.0 = Debug|Any CPU
		{5658CEF6-4735-488F-80AF-9AE34C4F294C}.Release|Any CPU.ActiveCfg = Release|Any CPU
		{5658CEF6-4735-488F-80AF-9AE34C4F294C}.Release|Any CPU.Build.0 = Release|Any CPU
		{EF63583B-21A1-408C-A762-C450D60702CE}.Debug|Any CPU.ActiveCfg = Debug|Any CPU
		{EF63583B-21A1-408C-A762-C450D60702CE}.Debug|Any CPU.Build.0 = Debug|Any CPU
		{EF63583B-21A1-408C-A762-C450D60702CE}.Release|Any CPU.ActiveCfg = Release|Any CPU
		{EF63583B-21A1-408C-A762-C450D60702CE}.Release|Any CPU.Build.0 = Release|Any CPU
		{4BF3FD7E-A180-4FC6-AA78-0AB9C25A5D61}.Debug|Any CPU.ActiveCfg = Debug|Any CPU
		{4BF3FD7E-A180-4FC6-AA78-0AB9C25A5D61}.Debug|Any CPU.Build.0 = Debug|Any CPU
		{4BF3FD7E-A180-4FC6-AA78-0AB9C25A5D61}.Release|Any CPU.ActiveCfg = Release|Any CPU
		{4BF3FD7E-A180-4FC6-AA78-0AB9C25A5D61}.Release|Any CPU.Build.0 = Release|Any CPU
		{8CAED378-E7A7-4742-AADA-283E6024E581}.Debug|Any CPU.ActiveCfg = Debug|Any CPU
		{8CAED378-E7A7-4742-AADA-283E6024E581}.Debug|Any CPU.Build.0 = Debug|Any CPU
		{8CAED378-E7A7-4742-AADA-283E6024E581}.Release|Any CPU.ActiveCfg = Release|Any CPU
		{8CAED378-E7A7-4742-AADA-283E6024E581}.Release|Any CPU.Build.0 = Release|Any CPU
		{52156D24-89CA-4C5A-8D75-C8F01AD8F9A2}.Debug|Any CPU.ActiveCfg = Debug|Any CPU
		{52156D24-89CA-4C5A-8D75-C8F01AD8F9A2}.Debug|Any CPU.Build.0 = Debug|Any CPU
		{52156D24-89CA-4C5A-8D75-C8F01AD8F9A2}.Release|Any CPU.ActiveCfg = Release|Any CPU
		{52156D24-89CA-4C5A-8D75-C8F01AD8F9A2}.Release|Any CPU.Build.0 = Release|Any CPU
		{9529C16B-F19E-41EC-ADB6-B0AABB0A8369}.Debug|Any CPU.ActiveCfg = Debug|Any CPU
		{9529C16B-F19E-41EC-ADB6-B0AABB0A8369}.Debug|Any CPU.Build.0 = Debug|Any CPU
		{9529C16B-F19E-41EC-ADB6-B0AABB0A8369}.Release|Any CPU.ActiveCfg = Release|Any CPU
		{9529C16B-F19E-41EC-ADB6-B0AABB0A8369}.Release|Any CPU.Build.0 = Release|Any CPU
		{D078843D-8C7B-4D03-AABD-36F06BF89119}.Debug|Any CPU.ActiveCfg = Debug|Any CPU
		{D078843D-8C7B-4D03-AABD-36F06BF89119}.Debug|Any CPU.Build.0 = Debug|Any CPU
		{D078843D-8C7B-4D03-AABD-36F06BF89119}.Release|Any CPU.ActiveCfg = Release|Any CPU
		{D078843D-8C7B-4D03-AABD-36F06BF89119}.Release|Any CPU.Build.0 = Release|Any CPU
		{D647AEEC-B17A-42B1-9B92-DA5123AA7F28}.Debug|Any CPU.ActiveCfg = Debug|Any CPU
		{D647AEEC-B17A-42B1-9B92-DA5123AA7F28}.Debug|Any CPU.Build.0 = Debug|Any CPU
		{D647AEEC-B17A-42B1-9B92-DA5123AA7F28}.Release|Any CPU.ActiveCfg = Release|Any CPU
		{D647AEEC-B17A-42B1-9B92-DA5123AA7F28}.Release|Any CPU.Build.0 = Release|Any CPU
		{B32F321D-4E18-4CEB-AEF0-AE4FA6380675}.Debug|Any CPU.ActiveCfg = Debug|Any CPU
		{B32F321D-4E18-4CEB-AEF0-AE4FA6380675}.Debug|Any CPU.Build.0 = Debug|Any CPU
		{B32F321D-4E18-4CEB-AEF0-AE4FA6380675}.Release|Any CPU.ActiveCfg = Release|Any CPU
		{B32F321D-4E18-4CEB-AEF0-AE4FA6380675}.Release|Any CPU.Build.0 = Release|Any CPU
	EndGlobalSection
	GlobalSection(NestedProjects) = preSolution
		{5658CEF6-4735-488F-80AF-9AE34C4F294C} = {42552979-4F59-4895-9F9A-719F27FDA50D}
		{4BF3FD7E-A180-4FC6-AA78-0AB9C25A5D61} = {42552979-4F59-4895-9F9A-719F27FDA50D}
		{B32F321D-4E18-4CEB-AEF0-AE4FA6380675} = {B52EDD61-CE5F-478F-82DF-D049222E7524}
	EndGlobalSection
EndGlobal
